
Microsoft Visual Studio Solution File, Format Version 12.00
# Visual Studio 15
VisualStudioVersion = 15.0.28307.1169
MinimumVisualStudioVersion = 10.0.40219.1
Project("{88A30576-7583-4F75-8136-5EFD2C14ADFF}") = "CrmPackage", "CrmPackage\CrmPackage.csproj", "{22A54774-0E76-4A8A-949B-1570377BC12B}"
	ProjectSection(ProjectDependencies) = postProject
		{A796D28A-3BE8-41D5-99CF-746FED90281D} = {A796D28A-3BE8-41D5-99CF-746FED90281D}
		{EFF1988C-B0F5-42B1-963F-1D90C5690778} = {EFF1988C-B0F5-42B1-963F-1D90C5690778}
	EndProjectSection
EndProject
Project("{FAE04EC0-301F-11D3-BF4B-00C04F79EFBC}") = "Plugins", "Plugins\Plugins.csproj", "{EFF1988C-B0F5-42B1-963F-1D90C5690778}"
EndProject
Project("{FAE04EC0-301F-11D3-BF4B-00C04F79EFBC}") = "Workflows", "Workflows\Workflows.csproj", "{A796D28A-3BE8-41D5-99CF-746FED90281D}"
EndProject
Project("{2150E333-8FDC-42A3-9474-1A3956D46DE8}") = "win", "win", "{596E80EE-C51A-4878-8A52-6FC990C307EC}"
EndProject
Project("{FAE04EC0-301F-11D3-BF4B-00C04F79EFBC}") = "TaskSchedulerAppTeamplate", "TaskSchedulerAppTeamplate\TaskSchedulerAppTeamplate.csproj", "{E743218A-1C51-4E70-AC1B-6DBE2001C88C}"
EndProject
Project("{2150E333-8FDC-42A3-9474-1A3956D46DE8}") = "BL", "BL", "{F5F3541D-5E26-4C11-9A07-8EDBE02E86B9}"
EndProject
Project("{2150E333-8FDC-42A3-9474-1A3956D46DE8}") = "Helpers", "Helpers", "{38DC481C-4C53-4D9A-AAD8-37BF8960A777}"
EndProject
Project("{FAE04EC0-301F-11D3-BF4B-00C04F79EFBC}") = "MSDYN365.CommonHelper", "Helpers\MSDYN365.CommonHelper\MSDYN365.CommonHelper.csproj", "{9581E614-8527-4860-B0BB-FAFE4D4EA9EF}"
EndProject
Project("{2150E333-8FDC-42A3-9474-1A3956D46DE8}") = "web", "web", "{48B9C13E-DF14-44AE-B289-71B910267243}"
EndProject
Project("{FAE04EC0-301F-11D3-BF4B-00C04F79EFBC}") = "MSDYN365.DaDataProxy", "web\MSDYN365.DaDataProxy\MSDYN365.DaDataProxy.csproj", "{8E967216-D1EC-4EB0-B6F5-D139BCF6A75F}"
EndProject
Project("{FAE04EC0-301F-11D3-BF4B-00C04F79EFBC}") = "MSDYN365.DaDataProxy.Tests", "web\MSDYN365.DaDataProxy.Tests\MSDYN365.DaDataProxy.Tests.csproj", "{AFACA86E-2586-4227-ABE5-2A7151B71308}"
EndProject
Global
	GlobalSection(SolutionConfigurationPlatforms) = preSolution
		Debug|Any CPU = Debug|Any CPU
		Release|Any CPU = Release|Any CPU
	EndGlobalSection
	GlobalSection(ProjectConfigurationPlatforms) = postSolution
		{22A54774-0E76-4A8A-949B-1570377BC12B}.Debug|Any CPU.ActiveCfg = Debug|Any CPU
		{22A54774-0E76-4A8A-949B-1570377BC12B}.Debug|Any CPU.Build.0 = Debug|Any CPU
		{22A54774-0E76-4A8A-949B-1570377BC12B}.Debug|Any CPU.Deploy.0 = Debug|Any CPU
		{22A54774-0E76-4A8A-949B-1570377BC12B}.Release|Any CPU.ActiveCfg = Release|Any CPU
		{22A54774-0E76-4A8A-949B-1570377BC12B}.Release|Any CPU.Build.0 = Release|Any CPU
		{22A54774-0E76-4A8A-949B-1570377BC12B}.Release|Any CPU.Deploy.0 = Release|Any CPU
		{EFF1988C-B0F5-42B1-963F-1D90C5690778}.Debug|Any CPU.ActiveCfg = Debug|Any CPU
		{EFF1988C-B0F5-42B1-963F-1D90C5690778}.Debug|Any CPU.Build.0 = Debug|Any CPU
		{EFF1988C-B0F5-42B1-963F-1D90C5690778}.Release|Any CPU.ActiveCfg = Release|Any CPU
		{EFF1988C-B0F5-42B1-963F-1D90C5690778}.Release|Any CPU.Build.0 = Release|Any CPU
		{A796D28A-3BE8-41D5-99CF-746FED90281D}.Debug|Any CPU.ActiveCfg = Debug|Any CPU
		{A796D28A-3BE8-41D5-99CF-746FED90281D}.Debug|Any CPU.Build.0 = Debug|Any CPU
		{A796D28A-3BE8-41D5-99CF-746FED90281D}.Release|Any CPU.ActiveCfg = Release|Any CPU
		{A796D28A-3BE8-41D5-99CF-746FED90281D}.Release|Any CPU.Build.0 = Release|Any CPU
		{E743218A-1C51-4E70-AC1B-6DBE2001C88C}.Debug|Any CPU.ActiveCfg = Debug|Any CPU
		{E743218A-1C51-4E70-AC1B-6DBE2001C88C}.Debug|Any CPU.Build.0 = Debug|Any CPU
		{E743218A-1C51-4E70-AC1B-6DBE2001C88C}.Release|Any CPU.ActiveCfg = Release|Any CPU
		{E743218A-1C51-4E70-AC1B-6DBE2001C88C}.Release|Any CPU.Build.0 = Release|Any CPU
		{9581E614-8527-4860-B0BB-FAFE4D4EA9EF}.Debug|Any CPU.ActiveCfg = Debug|Any CPU
		{9581E614-8527-4860-B0BB-FAFE4D4EA9EF}.Debug|Any CPU.Build.0 = Debug|Any CPU
		{9581E614-8527-4860-B0BB-FAFE4D4EA9EF}.Release|Any CPU.ActiveCfg = Release|Any CPU
		{9581E614-8527-4860-B0BB-FAFE4D4EA9EF}.Release|Any CPU.Build.0 = Release|Any CPU
		{8E967216-D1EC-4EB0-B6F5-D139BCF6A75F}.Debug|Any CPU.ActiveCfg = Debug|Any CPU
		{8E967216-D1EC-4EB0-B6F5-D139BCF6A75F}.Debug|Any CPU.Build.0 = Debug|Any CPU
		{8E967216-D1EC-4EB0-B6F5-D139BCF6A75F}.Release|Any CPU.ActiveCfg = Release|Any CPU
		{8E967216-D1EC-4EB0-B6F5-D139BCF6A75F}.Release|Any CPU.Build.0 = Release|Any CPU
		{AFACA86E-2586-4227-ABE5-2A7151B71308}.Debug|Any CPU.ActiveCfg = Debug|Any CPU
		{AFACA86E-2586-4227-ABE5-2A7151B71308}.Debug|Any CPU.Build.0 = Debug|Any CPU
		{AFACA86E-2586-4227-ABE5-2A7151B71308}.Release|Any CPU.ActiveCfg = Release|Any CPU
		{AFACA86E-2586-4227-ABE5-2A7151B71308}.Release|Any CPU.Build.0 = Release|Any CPU
	EndGlobalSection
	GlobalSection(SolutionProperties) = preSolution
		HideSolutionNode = FALSE
	EndGlobalSection
	GlobalSection(NestedProjects) = preSolution
		{E743218A-1C51-4E70-AC1B-6DBE2001C88C} = {596E80EE-C51A-4878-8A52-6FC990C307EC}
		{9581E614-8527-4860-B0BB-FAFE4D4EA9EF} = {38DC481C-4C53-4D9A-AAD8-37BF8960A777}
		{8E967216-D1EC-4EB0-B6F5-D139BCF6A75F} = {48B9C13E-DF14-44AE-B289-71B910267243}
		{AFACA86E-2586-4227-ABE5-2A7151B71308} = {48B9C13E-DF14-44AE-B289-71B910267243}
	EndGlobalSection
	GlobalSection(ExtensibilityGlobals) = postSolution
		SolutionGuid = {83288F7B-08BD-41BE-9660-03F5467AAF47}
	EndGlobalSection
	GlobalSection(CRMSolutionProperties) = preSolution
		SolutionIsBoundToCRM = True
	EndGlobalSection
	GlobalSection(CRMSolutionProperties) = preSolution
		SolutionIsBoundToCRM = True
	EndGlobalSection
EndGlobal
